// !$*UTF8*$!
{
	archiveVersion = 1;
	classes = {
	};
	objectVersion = 46;
	objects = {

/* Begin PBXBuildFile section */
		8ABDBAB91D3DA9070047F26C /* AppDelegate.swift in Sources */ = {isa = PBXBuildFile; fileRef = 8ABDBAB81D3DA9070047F26C /* AppDelegate.swift */; };
		8ABDBABB1D3DA9070047F26C /* ViewController.swift in Sources */ = {isa = PBXBuildFile; fileRef = 8ABDBABA1D3DA9070047F26C /* ViewController.swift */; };
		8ABDBABE1D3DA9070047F26C /* Main.storyboard in Resources */ = {isa = PBXBuildFile; fileRef = 8ABDBABC1D3DA9070047F26C /* Main.storyboard */; };
		8ABDBAC01D3DA9070047F26C /* Assets.xcassets in Resources */ = {isa = PBXBuildFile; fileRef = 8ABDBABF1D3DA9070047F26C /* Assets.xcassets */; };
		8ABDBAC31D3DA9070047F26C /* LaunchScreen.storyboard in Resources */ = {isa = PBXBuildFile; fileRef = 8ABDBAC11D3DA9070047F26C /* LaunchScreen.storyboard */; };
		8ABDBACE1D3DA9070047F26C /* Exercicios_01Tests.swift in Sources */ = {isa = PBXBuildFile; fileRef = 8ABDBACD1D3DA9070047F26C /* Exercicios_01Tests.swift */; };
		8ABDBAD91D3DA9070047F26C /* Exercicios_01UITests.swift in Sources */ = {isa = PBXBuildFile; fileRef = 8ABDBAD81D3DA9070047F26C /* Exercicios_01UITests.swift */; };
/* End PBXBuildFile section */

/* Begin PBXContainerItemProxy section */
		8ABDBACA1D3DA9070047F26C /* PBXContainerItemProxy */ = {
			isa = PBXContainerItemProxy;
			containerPortal = 8ABDBAAD1D3DA9070047F26C /* Project object */;
			proxyType = 1;
			remoteGlobalIDString = 8ABDBAB41D3DA9070047F26C;
			remoteInfo = Exercicios_01;
		};
		8ABDBAD51D3DA9070047F26C /* PBXContainerItemProxy */ = {
			isa = PBXContainerItemProxy;
			containerPortal = 8ABDBAAD1D3DA9070047F26C /* Project object */;
			proxyType = 1;
			remoteGlobalIDString = 8ABDBAB41D3DA9070047F26C;
			remoteInfo = Exercicios_01;
		};
/* End PBXContainerItemProxy section */

/* Begin PBXFileReference section */
		8ABDBAB51D3DA9070047F26C /* Exercicios_01.app */ = {isa = PBXFileReference; explicitFileType = wrapper.application; includeInIndex = 0; path = Exercicios_01.app; sourceTree = BUILT_PRODUCTS_DIR; };
		8ABDBAB81D3DA9070047F26C /* AppDelegate.swift */ = {isa = PBXFileReference; lastKnownFileType = sourcecode.swift; path = AppDelegate.swift; sourceTree = "<group>"; };
		8ABDBABA1D3DA9070047F26C /* ViewController.swift */ = {isa = PBXFileReference; lastKnownFileType = sourcecode.swift; path = ViewController.swift; sourceTree = "<group>"; };
		8ABDBABD1D3DA9070047F26C /* Base */ = {isa = PBXFileReference; lastKnownFileType = file.storyboard; name = Base; path = Base.lproj/Main.storyboard; sourceTree = "<group>"; };
		8ABDBABF1D3DA9070047F26C /* Assets.xcassets */ = {isa = PBXFileReference; lastKnownFileType = folder.assetcatalog; path = Assets.xcassets; sourceTree = "<group>"; };
		8ABDBAC21D3DA9070047F26C /* Base */ = {isa = PBXFileReference; lastKnownFileType = file.storyboard; name = Base; path = Base.lproj/LaunchScreen.storyboard; sourceTree = "<group>"; };
		8ABDBAC41D3DA9070047F26C /* Info.plist */ = {isa = PBXFileReference; lastKnownFileType = text.plist.xml; path = Info.plist; sourceTree = "<group>"; };
		8ABDBAC91D3DA9070047F26C /* Exercicios_01Tests.xctest */ = {isa = PBXFileReference; explicitFileType = wrapper.cfbundle; includeInIndex = 0; path = Exercicios_01Tests.xctest; sourceTree = BUILT_PRODUCTS_DIR; };
		8ABDBACD1D3DA9070047F26C /* Exercicios_01Tests.swift */ = {isa = PBXFileReference; lastKnownFileType = sourcecode.swift; path = Exercicios_01Tests.swift; sourceTree = "<group>"; };
		8ABDBACF1D3DA9070047F26C /* Info.plist */ = {isa = PBXFileReference; lastKnownFileType = text.plist.xml; path = Info.plist; sourceTree = "<group>"; };
		8ABDBAD41D3DA9070047F26C /* Exercicios_01UITests.xctest */ = {isa = PBXFileReference; explicitFileType = wrapper.cfbundle; includeInIndex = 0; path = Exercicios_01UITests.xctest; sourceTree = BUILT_PRODUCTS_DIR; };
		8ABDBAD81D3DA9070047F26C /* Exercicios_01UITests.swift */ = {isa = PBXFileReference; lastKnownFileType = sourcecode.swift; path = Exercicios_01UITests.swift; sourceTree = "<group>"; };
		8ABDBADA1D3DA9070047F26C /* Info.plist */ = {isa = PBXFileReference; lastKnownFileType = text.plist.xml; path = Info.plist; sourceTree = "<group>"; };
/* End PBXFileReference section */

/* Begin PBXFrameworksBuildPhase section */
		8ABDBAB21D3DA9070047F26C /* Frameworks */ = {
			isa = PBXFrameworksBuildPhase;
			buildActionMask = 2147483647;
			files = (
			);
			runOnlyForDeploymentPostprocessing = 0;
		};
		8ABDBAC61D3DA9070047F26C /* Frameworks */ = {
			isa = PBXFrameworksBuildPhase;
			buildActionMask = 2147483647;
			files = (
			);
			runOnlyForDeploymentPostprocessing = 0;
		};
		8ABDBAD11D3DA9070047F26C /* Frameworks */ = {
			isa = PBXFrameworksBuildPhase;
			buildActionMask = 2147483647;
			files = (
			);
			runOnlyForDeploymentPostprocessing = 0;
		};
/* End PBXFrameworksBuildPhase section */

/* Begin PBXGroup section */
		8ABDBAAC1D3DA9070047F26C = {
			isa = PBXGroup;
			children = (
				8ABDBAB71D3DA9070047F26C /* Exercicios_01 */,
				8ABDBACC1D3DA9070047F26C /* Exercicios_01Tests */,
				8ABDBAD71D3DA9070047F26C /* Exercicios_01UITests */,
				8ABDBAB61D3DA9070047F26C /* Products */,
			);
			sourceTree = "<group>";
		};
		8ABDBAB61D3DA9070047F26C /* Products */ = {
			isa = PBXGroup;
			children = (
				8ABDBAB51D3DA9070047F26C /* Exercicios_01.app */,
				8ABDBAC91D3DA9070047F26C /* Exercicios_01Tests.xctest */,
				8ABDBAD41D3DA9070047F26C /* Exercicios_01UITests.xctest */,
			);
			name = Products;
			sourceTree = "<group>";
		};
		8ABDBAB71D3DA9070047F26C /* Exercicios_01 */ = {
			isa = PBXGroup;
			children = (
				8ABDBAB81D3DA9070047F26C /* AppDelegate.swift */,
				8ABDBABA1D3DA9070047F26C /* ViewController.swift */,
				8ABDBABC1D3DA9070047F26C /* Main.storyboard */,
				8ABDBABF1D3DA9070047F26C /* Assets.xcassets */,
				8ABDBAC11D3DA9070047F26C /* LaunchScreen.storyboard */,
				8ABDBAC41D3DA9070047F26C /* Info.plist */,
			);
			path = Exercicios_01;
			sourceTree = "<group>";
		};
		8ABDBACC1D3DA9070047F26C /* Exercicios_01Tests */ = {
			isa = PBXGroup;
			children = (
				8ABDBACD1D3DA9070047F26C /* Exercicios_01Tests.swift */,
				8ABDBACF1D3DA9070047F26C /* Info.plist */,
			);
			path = Exercicios_01Tests;
			sourceTree = "<group>";
		};
		8ABDBAD71D3DA9070047F26C /* Exercicios_01UITests */ = {
			isa = PBXGroup;
			children = (
				8ABDBAD81D3DA9070047F26C /* Exercicios_01UITests.swift */,
				8ABDBADA1D3DA9070047F26C /* Info.plist */,
			);
			path = Exercicios_01UITests;
			sourceTree = "<group>";
		};
/* End PBXGroup section */

/* Begin PBXNativeTarget section */
		8ABDBAB41D3DA9070047F26C /* Exercicios_01 */ = {
			isa = PBXNativeTarget;
			buildConfigurationList = 8ABDBADD1D3DA9070047F26C /* Build configuration list for PBXNativeTarget "Exercicios_01" */;
			buildPhases = (
				8ABDBAB11D3DA9070047F26C /* Sources */,
				8ABDBAB21D3DA9070047F26C /* Frameworks */,
				8ABDBAB31D3DA9070047F26C /* Resources */,
			);
			buildRules = (
			);
			dependencies = (
			);
			name = Exercicios_01;
			productName = Exercicios_01;
			productReference = 8ABDBAB51D3DA9070047F26C /* Exercicios_01.app */;
			productType = "com.apple.product-type.application";
		};
		8ABDBAC81D3DA9070047F26C /* Exercicios_01Tests */ = {
			isa = PBXNativeTarget;
			buildConfigurationList = 8ABDBAE01D3DA9070047F26C /* Build configuration list for PBXNativeTarget "Exercicios_01Tests" */;
			buildPhases = (
				8ABDBAC51D3DA9070047F26C /* Sources */,
				8ABDBAC61D3DA9070047F26C /* Frameworks */,
				8ABDBAC71D3DA9070047F26C /* Resources */,
			);
			buildRules = (
			);
			dependencies = (
				8ABDBACB1D3DA9070047F26C /* PBXTargetDependency */,
			);
			name = Exercicios_01Tests;
			productName = Exercicios_01Tests;
			productReference = 8ABDBAC91D3DA9070047F26C /* Exercicios_01Tests.xctest */;
			productType = "com.apple.product-type.bundle.unit-test";
		};
		8ABDBAD31D3DA9070047F26C /* Exercicios_01UITests */ = {
			isa = PBXNativeTarget;
			buildConfigurationList = 8ABDBAE31D3DA9070047F26C /* Build configuration list for PBXNativeTarget "Exercicios_01UITests" */;
			buildPhases = (
				8ABDBAD01D3DA9070047F26C /* Sources */,
				8ABDBAD11D3DA9070047F26C /* Frameworks */,
				8ABDBAD21D3DA9070047F26C /* Resources */,
			);
			buildRules = (
			);
			dependencies = (
				8ABDBAD61D3DA9070047F26C /* PBXTargetDependency */,
			);
			name = Exercicios_01UITests;
			productName = Exercicios_01UITests;
			productReference = 8ABDBAD41D3DA9070047F26C /* Exercicios_01UITests.xctest */;
			productType = "com.apple.product-type.bundle.ui-testing";
		};
/* End PBXNativeTarget section */

/* Begin PBXProject section */
		8ABDBAAD1D3DA9070047F26C /* Project object */ = {
			isa = PBXProject;
			attributes = {
				LastSwiftUpdateCheck = 0730;
				LastUpgradeCheck = 0730;
				ORGANIZATIONNAME = "Diego Fonseca";
				TargetAttributes = {
					8ABDBAB41D3DA9070047F26C = {
						CreatedOnToolsVersion = 7.3.1;
					};
					8ABDBAC81D3DA9070047F26C = {
						CreatedOnToolsVersion = 7.3.1;
						TestTargetID = 8ABDBAB41D3DA9070047F26C;
					};
					8ABDBAD31D3DA9070047F26C = {
						CreatedOnToolsVersion = 7.3.1;
						TestTargetID = 8ABDBAB41D3DA9070047F26C;
					};
				};
			};
			buildConfigurationList = 8ABDBAB01D3DA9070047F26C /* Build configuration list for PBXProject "Exercicios_01" */;
			compatibilityVersion = "Xcode 3.2";
			developmentRegion = English;
			hasScannedForEncodings = 0;
			knownRegions = (
				en,
				Base,
			);
			mainGroup = 8ABDBAAC1D3DA9070047F26C;
			productRefGroup = 8ABDBAB61D3DA9070047F26C /* Products */;
			projectDirPath = "";
			projectRoot = "";
			targets = (
				8ABDBAB41D3DA9070047F26C /* Exercicios_01 */,
				8ABDBAC81D3DA9070047F26C /* Exercicios_01Tests */,
				8ABDBAD31D3DA9070047F26C /* Exercicios_01UITests */,
			);
		};
/* End PBXProject section */

/* Begin PBXResourcesBuildPhase section */
		8ABDBAB31D3DA9070047F26C /* Resources */ = {
			isa = PBXResourcesBuildPhase;
			buildActionMask = 2147483647;
			files = (
				8ABDBAC31D3DA9070047F26C /* LaunchScreen.storyboard in Resources */,
				8ABDBAC01D3DA9070047F26C /* Assets.xcassets in Resources */,
				8ABDBABE1D3DA9070047F26C /* Main.storyboard in Resources */,
			);
			runOnlyForDeploymentPostprocessing = 0;
		};
		8ABDBAC71D3DA9070047F26C /* Resources */ = {
			isa = PBXResourcesBuildPhase;
			buildActionMask = 2147483647;
			files = (
			);
			runOnlyForDeploymentPostprocessing = 0;
		};
		8ABDBAD21D3DA9070047F26C /* Resources */ = {
			isa = PBXResourcesBuildPhase;
			buildActionMask = 2147483647;
			files = (
			);
			runOnlyForDeploymentPostprocessing = 0;
		};
/* End PBXResourcesBuildPhase section */

/* Begin PBXSourcesBuildPhase section */
		8ABDBAB11D3DA9070047F26C /* Sources */ = {
			isa = PBXSourcesBuildPhase;
			buildActionMask = 2147483647;
			files = (
				8ABDBABB1D3DA9070047F26C /* ViewController.swift in Sources */,
				8ABDBAB91D3DA9070047F26C /* AppDelegate.swift in Sources */,
			);
			runOnlyForDeploymentPostprocessing = 0;
		};
		8ABDBAC51D3DA9070047F26C /* Sources */ = {
			isa = PBXSourcesBuildPhase;
			buildActionMask = 2147483647;
			files = (
				8ABDBACE1D3DA9070047F26C /* Exercicios_01Tests.swift in Sources */,
			);
			runOnlyForDeploymentPostprocessing = 0;
		};
		8ABDBAD01D3DA9070047F26C /* Sources */ = {
			isa = PBXSourcesBuildPhase;
			buildActionMask = 2147483647;
			files = (
				8ABDBAD91D3DA9070047F26C /* Exercicios_01UITests.swift in Sources */,
			);
			runOnlyForDeploymentPostprocessing = 0;
		};
/* End PBXSourcesBuildPhase section */

/* Begin PBXTargetDependency section */
		8ABDBACB1D3DA9070047F26C /* PBXTargetDependency */ = {
			isa = PBXTargetDependency;
			target = 8ABDBAB41D3DA9070047F26C /* Exercicios_01 */;
			targetProxy = 8ABDBACA1D3DA9070047F26C /* PBXContainerItemProxy */;
		};
		8ABDBAD61D3DA9070047F26C /* PBXTargetDependency */ = {
			isa = PBXTargetDependency;
			target = 8ABDBAB41D3DA9070047F26C /* Exercicios_01 */;
			targetProxy = 8ABDBAD51D3DA9070047F26C /* PBXContainerItemProxy */;
		};
/* End PBXTargetDependency section */

/* Begin PBXVariantGroup section */
		8ABDBABC1D3DA9070047F26C /* Main.storyboard */ = {
			isa = PBXVariantGroup;
			children = (
				8ABDBABD1D3DA9070047F26C /* Base */,
			);
			name = Main.storyboard;
			sourceTree = "<group>";
		};
		8ABDBAC11D3DA9070047F26C /* LaunchScreen.storyboard */ = {
			isa = PBXVariantGroup;
			children = (
				8ABDBAC21D3DA9070047F26C /* Base */,
			);
			name = LaunchScreen.storyboard;
			sourceTree = "<group>";
		};
/* End PBXVariantGroup section */

/* Begin XCBuildConfiguration section */
		8ABDBADB1D3DA9070047F26C /* Debug */ = {
			isa = XCBuildConfiguration;
			buildSettings = {
				ALWAYS_SEARCH_USER_PATHS = NO;
				CLANG_ANALYZER_NONNULL = YES;
				CLANG_CXX_LANGUAGE_STANDARD = "gnu++0x";
				CLANG_CXX_LIBRARY = "libc++";
				CLANG_ENABLE_MODULES = YES;
				CLANG_ENABLE_OBJC_ARC = YES;
				CLANG_WARN_BOOL_CONVERSION = YES;
				CLANG_WARN_CONSTANT_CONVERSION = YES;
				CLANG_WARN_DIRECT_OBJC_ISA_USAGE = YES_ERROR;
				CLANG_WARN_EMPTY_BODY = YES;
				CLANG_WARN_ENUM_CONVERSION = YES;
				CLANG_WARN_INT_CONVERSION = YES;
				CLANG_WARN_OBJC_ROOT_CLASS = YES_ERROR;
				CLANG_WARN_UNREACHABLE_CODE = YES;
				CLANG_WARN__DUPLICATE_METHOD_MATCH = YES;
				"CODE_SIGN_IDENTITY[sdk=iphoneos*]" = "iPhone Developer";
				COPY_PHASE_STRIP = NO;
				DEBUG_INFORMATION_FORMAT = dwarf;
				ENABLE_STRICT_OBJC_MSGSEND = YES;
				ENABLE_TESTABILITY = YES;
				GCC_C_LANGUAGE_STANDARD = gnu99;
				GCC_DYNAMIC_NO_PIC = NO;
				GCC_NO_COMMON_BLOCKS = YES;
				GCC_OPTIMIZATION_LEVEL = 0;
				GCC_PREPROCESSOR_DEFINITIONS = (
					"DEBUG=1",
					"$(inherited)",
				);
				GCC_WARN_64_TO_32_BIT_CONVERSION = YES;
				GCC_WARN_ABOUT_RETURN_TYPE = YES_ERROR;
				GCC_WARN_UNDECLARED_SELECTOR = YES;
				GCC_WARN_UNINITIALIZED_AUTOS = YES_AGGRESSIVE;
				GCC_WARN_UNUSED_FUNCTION = YES;
				GCC_WARN_UNUSED_VARIABLE = YES;
				IPHONEOS_DEPLOYMENT_TARGET = 9.3;
				MTL_ENABLE_DEBUG_INFO = YES;
				ONLY_ACTIVE_ARCH = YES;
				SDKROOT = iphoneos;
				SWIFT_OPTIMIZATION_LEVEL = "-Onone";
				TARGETED_DEVICE_FAMILY = "1,2";
			};
			name = Debug;
		};
		8ABDBADC1D3DA9070047F26C /* Release */ = {
			isa = XCBuildConfiguration;
			buildSettings = {
				ALWAYS_SEARCH_USER_PATHS = NO;
				CLANG_ANALYZER_NONNULL = YES;
				CLANG_CXX_LANGUAGE_STANDARD = "gnu++0x";
				CLANG_CXX_LIBRARY = "libc++";
				CLANG_ENABLE_MODULES = YES;
				CLANG_ENABLE_OBJC_ARC = YES;
				CLANG_WARN_BOOL_CONVERSION = YES;
				CLANG_WARN_CONSTANT_CONVERSION = YES;
				CLANG_WARN_DIRECT_OBJC_ISA_USAGE = YES_ERROR;
				CLANG_WARN_EMPTY_BODY = YES;
				CLANG_WARN_ENUM_CONVERSION = YES;
				CLANG_WARN_INT_CONVERSION = YES;
				CLANG_WARN_OBJC_ROOT_CLASS = YES_ERROR;
				CLANG_WARN_UNREACHABLE_CODE = YES;
				CLANG_WARN__DUPLICATE_METHOD_MATCH = YES;
				"CODE_SIGN_IDENTITY[sdk=iphoneos*]" = "iPhone Developer";
				COPY_PHASE_STRIP = NO;
				DEBUG_INFORMATION_FORMAT = "dwarf-with-dsym";
				ENABLE_NS_ASSERTIONS = NO;
				ENABLE_STRICT_OBJC_MSGSEND = YES;
				GCC_C_LANGUAGE_STANDARD = gnu99;
				GCC_NO_COMMON_BLOCKS = YES;
				GCC_WARN_64_TO_32_BIT_CONVERSION = YES;
				GCC_WARN_ABOUT_RETURN_TYPE = YES_ERROR;
				GCC_WARN_UNDECLARED_SELECTOR = YES;
				GCC_WARN_UNINITIALIZED_AUTOS = YES_AGGRESSIVE;
				GCC_WARN_UNUSED_FUNCTION = YES;
				GCC_WARN_UNUSED_VARIABLE = YES;
				IPHONEOS_DEPLOYMENT_TARGET = 9.3;
				MTL_ENABLE_DEBUG_INFO = NO;
				SDKROOT = iphoneos;
				TARGETED_DEVICE_FAMILY = "1,2";
				VALIDATE_PRODUCT = YES;
			};
			name = Release;
		};
		8ABDBADE1D3DA9070047F26C /* Debug */ = {
			isa = XCBuildConfiguration;
			buildSettings = {
				ASSETCATALOG_COMPILER_APPICON_NAME = AppIcon;
				INFOPLIST_FILE = Exercicios_01/Info.plist;
				LD_RUNPATH_SEARCH_PATHS = "$(inherited) @executable_path/Frameworks";
				PRODUCT_BUNDLE_IDENTIFIER = "DCF.Exercicios-01";
				PRODUCT_NAME = "$(TARGET_NAME)";
			};
			name = Debug;
		};
		8ABDBADF1D3DA9070047F26C /* Release */ = {
			isa = XCBuildConfiguration;
			buildSettings = {
				ASSETCATALOG_COMPILER_APPICON_NAME = AppIcon;
				INFOPLIST_FILE = Exercicios_01/Info.plist;
				LD_RUNPATH_SEARCH_PATHS = "$(inherited) @executable_path/Frameworks";
				PRODUCT_BUNDLE_IDENTIFIER = "DCF.Exercicios-01";
				PRODUCT_NAME = "$(TARGET_NAME)";
			};
			name = Release;
		};
		8ABDBAE11D3DA9070047F26C /* Debug */ = {
			isa = XCBuildConfiguration;
			buildSettings = {
				BUNDLE_LOADER = "$(TEST_HOST)";
				INFOPLIST_FILE = Exercicios_01Tests/Info.plist;
				LD_RUNPATH_SEARCH_PATHS = "$(inherited) @executable_path/Frameworks @loader_path/Frameworks";
				PRODUCT_BUNDLE_IDENTIFIER = "DCF.Exercicios-01Tests";
				PRODUCT_NAME = "$(TARGET_NAME)";
				TEST_HOST = "$(BUILT_PRODUCTS_DIR)/Exercicios_01.app/Exercicios_01";
			};
			name = Debug;
		};
		8ABDBAE21D3DA9070047F26C /* Release */ = {
			isa = XCBuildConfiguration;
			buildSettings = {
				BUNDLE_LOADER = "$(TEST_HOST)";
				INFOPLIST_FILE = Exercicios_01Tests/Info.plist;
				LD_RUNPATH_SEARCH_PATHS = "$(inherited) @executable_path/Frameworks @loader_path/Frameworks";
				PRODUCT_BUNDLE_IDENTIFIER = "DCF.Exercicios-01Tests";
				PRODUCT_NAME = "$(TARGET_NAME)";
				TEST_HOST = "$(BUILT_PRODUCTS_DIR)/Exercicios_01.app/Exercicios_01";
			};
			name = Release;
		};
		8ABDBAE41D3DA9070047F26C /* Debug */ = {
			isa = XCBuildConfiguration;
			buildSettings = {
				INFOPLIST_FILE = Exercicios_01UITests/Info.plist;
				LD_RUNPATH_SEARCH_PATHS = "$(inherited) @executable_path/Frameworks @loader_path/Frameworks";
				PRODUCT_BUNDLE_IDENTIFIER = "DCF.Exercicios-01UITests";
				PRODUCT_NAME = "$(TARGET_NAME)";
				TEST_TARGET_NAME = Exercicios_01;
			};
			name = Debug;
		};
		8ABDBAE51D3DA9070047F26C /* Release */ = {
			isa = XCBuildConfiguration;
			buildSettings = {
				INFOPLIST_FILE = Exercicios_01UITests/Info.plist;
				LD_RUNPATH_SEARCH_PATHS = "$(inherited) @executable_path/Frameworks @loader_path/Frameworks";
				PRODUCT_BUNDLE_IDENTIFIER = "DCF.Exercicios-01UITests";
				PRODUCT_NAME = "$(TARGET_NAME)";
				TEST_TARGET_NAME = Exercicios_01;
			};
			name = Release;
		};
/* End XCBuildConfiguration section */

/* Begin XCConfigurationList section */
		8ABDBAB01D3DA9070047F26C /* Build configuration list for PBXProject "Exercicios_01" */ = {
			isa = XCConfigurationList;
			buildConfigurations = (
				8ABDBADB1D3DA9070047F26C /* Debug */,
				8ABDBADC1D3DA9070047F26C /* Release */,
			);
			defaultConfigurationIsVisible = 0;
			defaultConfigurationName = Release;
		};
		8ABDBADD1D3DA9070047F26C /* Build configuration list for PBXNativeTarget "Exercicios_01" */ = {
			isa = XCConfigurationList;
			buildConfigurations = (
				8ABDBADE1D3DA9070047F26C /* Debug */,
				8ABDBADF1D3DA9070047F26C /* Release */,
			);
			defaultConfigurationIsVisible = 0;
		};
		8ABDBAE01D3DA9070047F26C /* Build configuration list for PBXNativeTarget "Exercicios_01Tests" */ = {
			isa = XCConfigurationList;
			buildConfigurations = (
				8ABDBAE11D3DA9070047F26C /* Debug */,
				8ABDBAE21D3DA9070047F26C /* Release */,
			);
			defaultConfigurationIsVisible = 0;
		};
		8ABDBAE31D3DA9070047F26C /* Build configuration list for PBXNativeTarget "Exercicios_01UITests" */ = {
			isa = XCConfigurationList;
			buildConfigurations = (
				8ABDBAE41D3DA9070047F26C /* Debug */,
				8ABDBAE51D3DA9070047F26C /* Release */,
			);
			defaultConfigurationIsVisible = 0;
		};
/* End XCConfigurationList section */
	};
	rootObject = 8ABDBAAD1D3DA9070047F26C /* Project object */;
}
